<?xml version="1.0" encoding="UTF-8"?>
<Scheme
   LastUpgradeVersion = "1430"
   version = "1.7">
   <BuildAction
      parallelizeBuildables = "YES"
      buildImplicitDependencies = "YES">
      <BuildActionEntries>
         <BuildActionEntry
            buildForTesting = "YES"
            buildForRunning = "YES"
            buildForProfiling = "YES"
            buildForArchiving = "YES"
            buildForAnalyzing = "YES">
            <BuildableReference
               BuildableIdentifier = "primary"
               BlueprintIdentifier = "B57DE01E2529D5960048F8E8"
               BuildableName = "GHFollowers.app"
               BlueprintName = "GHFollowers"
               ReferencedContainer = "container:GHFollowers.xcodeproj">
            </BuildableReference>
         </BuildActionEntry>
      </BuildActionEntries>
   </BuildAction>
   <TestAction
      buildConfiguration = "Debug"
      selectedDebuggerIdentifier = "Xcode.DebuggerFoundation.Debugger.LLDB"
      selectedLauncherIdentifier = "Xcode.DebuggerFoundation.Launcher.LLDB"
      shouldUseLaunchSchemeArgsEnv = "YES">
      <TestPlans>
         <TestPlanReference
            reference = "container:GHFollowers.xctestplan"
            default = "YES">
         </TestPlanReference>
      </TestPlans>
      <Testables>
         <TestableReference
            skipped = "NO"
            parallelizable = "YES">
            <BuildableReference
               BuildableIdentifier = "primary"
               BlueprintIdentifier = "B5764C312A4BAB9100B8BA56"
               BuildableName = "GHFollowersTests.xctest"
               BlueprintName = "GHFollowersTests"
               ReferencedContainer = "container:GHFollowers.xcodeproj">
            </BuildableReference>
            <SelectedTests>
               <Test
                  Identifier = "FollowerListVCTests/test_viewDidLoad_shouldMakeDataTaskToSearchForMIF50()">
               </Test>
               <Test
                  Identifier = "GFTabBarControllerTests/test_viewDidLoad_favoriteTabBarItem()">
               </Test>
               <Test
                  Identifier = "GFTabBarControllerTests/test_viewDidLoad_firstSearchViewController()">
               </Test>
               <Test
                  Identifier = "GFTabBarControllerTests/test_viewDidLoad_searchTabBarItem()">
               </Test>
               <Test
                  Identifier = "GFTabBarControllerTests/test_viewDidLoad_secondFavoritesListViewController()">
               </Test>
               <Test
                  Identifier = "GFTabBarControllerTests/test_viewDidLoad_tintColor()">
               </Test>
               <Test
                  Identifier = "SearchVCTests/test_init_hasTitle()">
               </Test>
               <Test
                  Identifier = "SearchVCTests/test_shouldRetrun_withEmptyUsername_shouldNotPushFollowerList()">
               </Test>
               <Test
                  Identifier = "SearchVCTests/test_shouldReturnTextField_withEmptyUsername_showPrsentationAlert()">
               </Test>
               <Test
                  Identifier = "SearchVCTests/test_shouldReturnTextField_withNotEmptyUsername_resignResponderUsernameField()">
               </Test>
               <Test
                  Identifier = "SearchVCTests/test_shouldReturnTextField_withNotEmptyUsername_shouldPushFollowerList()">
               </Test>
               <Test
                  Identifier = "SearchVCTests/test_shouldReturn_withEmptyUsername_shouldNotResignResponderUsernameField()">
               </Test>
               <Test
                  Identifier = "SearchVCTests/test_tapGetFollowers_withEmptyUsername_shouldNotPushFollowerList()">
               </Test>
               <Test
                  Identifier = "SearchVCTests/test_tapGetFollowers_withEmptyUsername_shouldNotResignResponderUsernameField()">
               </Test>
               <Test
                  Identifier = "SearchVCTests/test_tapGetFollowers_withEmptyUsername_showPrsentationAlert()">
               </Test>
               <Test
                  Identifier = "SearchVCTests/test_tapGetFollowers_withNotEmptyUsername_resignResponderUsernameField()">
               </Test>
               <Test
                  Identifier = "SearchVCTests/test_tappingGetFollowers_withNotEmptyUsername_shouldPushFollowerList()">
               </Test>
               <Test
                  Identifier = "SearchVCTests/test_viewDidLoad_backgroundColor()">
               </Test>
               <Test
                  Identifier = "SearchVCTests/test_viewDidLoad_logoImageView_imageData()">
               </Test>
               <Test
                  Identifier = "SearchVCTests/test_viewDidLoad_subviews()">
               </Test>
               <Test
                  Identifier = "SearchVCTests/test_viewDidLoad_userNameTextField_delegate()">
               </Test>
               <Test
                  Identifier = "SearchVCTests/test_viewWillAppear_hideNavigationBar()">
               </Test>
            </SelectedTests>
         </TestableReference>
      </Testables>
   </TestAction>
   <LaunchAction
      buildConfiguration = "Debug"
      selectedDebuggerIdentifier = "Xcode.DebuggerFoundation.Debugger.LLDB"
      selectedLauncherIdentifier = "Xcode.DebuggerFoundation.Launcher.LLDB"
      launchStyle = "0"
      useCustomWorkingDirectory = "NO"
      ignoresPersistentStateOnLaunch = "NO"
      debugDocumentVersioning = "YES"
      debugServiceExtension = "internal"
      allowLocationSimulation = "YES">
      <BuildableProductRunnable
         runnableDebuggingMode = "0">
         <BuildableReference
            BuildableIdentifier = "primary"
            BlueprintIdentifier = "B57DE01E2529D5960048F8E8"
            BuildableName = "GHFollowers.app"
            BlueprintName = "GHFollowers"
            ReferencedContainer = "container:GHFollowers.xcodeproj">
         </BuildableReference>
      </BuildableProductRunnable>
      <LocationScenarioReference
         identifier = "com.apple.dt.IDEFoundation.CurrentLocationScenarioIdentifier"
         referenceType = "1">
      </LocationScenarioReference>
   </LaunchAction>
   <ProfileAction
      buildConfiguration = "Release"
      shouldUseLaunchSchemeArgsEnv = "YES"
      savedToolIdentifier = ""
      useCustomWorkingDirectory = "NO"
      debugDocumentVersioning = "YES">
      <BuildableProductRunnable
         runnableDebuggingMode = "0">
         <BuildableReference
            BuildableIdentifier = "primary"
            BlueprintIdentifier = "B57DE01E2529D5960048F8E8"
            BuildableName = "GHFollowers.app"
            BlueprintName = "GHFollowers"
            ReferencedContainer = "container:GHFollowers.xcodeproj">
         </BuildableReference>
      </BuildableProductRunnable>
   </ProfileAction>
   <AnalyzeAction
      buildConfiguration = "Debug">
   </AnalyzeAction>
   <ArchiveAction
      buildConfiguration = "Release"
      revealArchiveInOrganizer = "YES">
   </ArchiveAction>
</Scheme>
